// !$*UTF8*$!
{
	archiveVersion = 1;
	classes = {
	};
	objectVersion = 55;
	objects = {

/* Begin PBXBuildFile section */
		7D255D392802930800EE2C1A /* SearchableListView.swift in Sources */ = {isa = PBXBuildFile; fileRef = 7D255D382802930700EE2C1A /* SearchableListView.swift */; };
		7D255D3B2802989700EE2C1A /* CompanyNameFetcher.swift in Sources */ = {isa = PBXBuildFile; fileRef = 7D255D3A2802989700EE2C1A /* CompanyNameFetcher.swift */; };
		7D255D3D280299BB00EE2C1A /* SearchableListViewModel.swift in Sources */ = {isa = PBXBuildFile; fileRef = 7D255D3C280299BB00EE2C1A /* SearchableListViewModel.swift */; };
		7D25A7B22854528D00CA18CC /* WrappingHstackPracticeView.swift in Sources */ = {isa = PBXBuildFile; fileRef = 7D25A7B12854528D00CA18CC /* WrappingHstackPracticeView.swift */; };
		7D33E2C7285975D600B2AC34 /* OpenOtherAppView.swift in Sources */ = {isa = PBXBuildFile; fileRef = 7D33E2C6285975D600B2AC34 /* OpenOtherAppView.swift */; };
		7D33E2CF285AD20D00B2AC34 /* OpenPdfFileView.swift in Sources */ = {isa = PBXBuildFile; fileRef = 7D33E2CE285AD20D00B2AC34 /* OpenPdfFileView.swift */; };
		7D405D2D286896A100804EEE /* BottomSheetPractice.swift in Sources */ = {isa = PBXBuildFile; fileRef = 7D405D2C286896A100804EEE /* BottomSheetPractice.swift */; };
		7D45E516280DC10800CB97B3 /* SnapCarousel.swift in Sources */ = {isa = PBXBuildFile; fileRef = 7D45E515280DC10800CB97B3 /* SnapCarousel.swift */; };
		7D45E518280DC79A00CB97B3 /* Carousel.swift in Sources */ = {isa = PBXBuildFile; fileRef = 7D45E517280DC79A00CB97B3 /* Carousel.swift */; };
		7D467485282F2C140054C705 /* YearMonthPicker.swift in Sources */ = {isa = PBXBuildFile; fileRef = 7D467484282F2C140054C705 /* YearMonthPicker.swift */; };
		7D489A882897BE0600FCA08C /* NavigateConditionView.swift in Sources */ = {isa = PBXBuildFile; fileRef = 7D489A872897BE0500FCA08C /* NavigateConditionView.swift */; };
		7D489A8F289A041E00FCA08C /* FileManagerPracticeView.swift in Sources */ = {isa = PBXBuildFile; fileRef = 7D489A8E289A041E00FCA08C /* FileManagerPracticeView.swift */; };
		7D489A91289A0C6400FCA08C /* FileManagerPracticeView2.swift in Sources */ = {isa = PBXBuildFile; fileRef = 7D489A90289A0C6400FCA08C /* FileManagerPracticeView2.swift */; };
		7D489A94289A18B500FCA08C /* DocumentPickerPractice.swift in Sources */ = {isa = PBXBuildFile; fileRef = 7D489A93289A18B500FCA08C /* DocumentPickerPractice.swift */; };
		7D489A96289ACC8E00FCA08C /* DocumentPickerPracticeViewModel.swift in Sources */ = {isa = PBXBuildFile; fileRef = 7D489A95289ACC8E00FCA08C /* DocumentPickerPracticeViewModel.swift */; };
		7D4CB1DD27F67E7A00A03269 /* functionArchiveApp.swift in Sources */ = {isa = PBXBuildFile; fileRef = 7D4CB1DC27F67E7A00A03269 /* functionArchiveApp.swift */; };
		7D4CB1DF27F67E7A00A03269 /* ContentView.swift in Sources */ = {isa = PBXBuildFile; fileRef = 7D4CB1DE27F67E7A00A03269 /* ContentView.swift */; };
		7D4CB1E127F67E7C00A03269 /* Assets.xcassets in Resources */ = {isa = PBXBuildFile; fileRef = 7D4CB1E027F67E7C00A03269 /* Assets.xcassets */; };
		7D4CB1E427F67E7C00A03269 /* Preview Assets.xcassets in Resources */ = {isa = PBXBuildFile; fileRef = 7D4CB1E327F67E7C00A03269 /* Preview Assets.xcassets */; };
		7D4CB1EC27F67F8900A03269 /* Landing.swift in Sources */ = {isa = PBXBuildFile; fileRef = 7D4CB1EB27F67F8900A03269 /* Landing.swift */; };
		7D4CB1F127F6851900A03269 /* selectResultView.swift in Sources */ = {isa = PBXBuildFile; fileRef = 7D4CB1F027F6851900A03269 /* selectResultView.swift */; };
		7D4CB1F327F68C2500A03269 /* FilterViewModel.swift in Sources */ = {isa = PBXBuildFile; fileRef = 7D4CB1F227F68C2500A03269 /* FilterViewModel.swift */; };
		7D4F6E222844535B008DF072 /* TooltipFunctionView.swift in Sources */ = {isa = PBXBuildFile; fileRef = 7D4F6E212844535B008DF072 /* TooltipFunctionView.swift */; };
		7D54C887280E94BD0047B277 /* HorizontalList.swift in Sources */ = {isa = PBXBuildFile; fileRef = 7D54C886280E94BD0047B277 /* HorizontalList.swift */; };
		7D59F6BF2A416DCA00A602A6 /* StateObjectPracticeView.swift in Sources */ = {isa = PBXBuildFile; fileRef = 7D59F6BE2A416DCA00A602A6 /* StateObjectPracticeView.swift */; };
		7D59F6C12A416DE200A602A6 /* ObservedObjectPracticeView.swift in Sources */ = {isa = PBXBuildFile; fileRef = 7D59F6C02A416DE200A602A6 /* ObservedObjectPracticeView.swift */; };
		7D5E743928B35AB60014176B /* SwiftUIAppState.swift in Sources */ = {isa = PBXBuildFile; fileRef = 7D5E743828B35AB60014176B /* SwiftUIAppState.swift */; };
		7D602AC4283DADC700EF58EA /* AutoCompleteView.swift in Sources */ = {isa = PBXBuildFile; fileRef = 7D602AC3283DADC700EF58EA /* AutoCompleteView.swift */; };
		7D6621A0286418C700F524DF /* WebViewPractice.swift in Sources */ = {isa = PBXBuildFile; fileRef = 7D66219F286418C700F524DF /* WebViewPractice.swift */; };
		7D6621AD2865540500F524DF /* FileUploadPractice2.swift in Sources */ = {isa = PBXBuildFile; fileRef = 7D6621AC2865540500F524DF /* FileUploadPractice2.swift */; };
		7D6668542855BCD90097A524 /* ModalPracticeView.swift in Sources */ = {isa = PBXBuildFile; fileRef = 7D6668532855BCD90097A524 /* ModalPracticeView.swift */; };
		7D66685B285844210097A524 /* FileDownloadView.swift in Sources */ = {isa = PBXBuildFile; fileRef = 7D66685A285844210097A524 /* FileDownloadView.swift */; };
		7D6A0EC027F9C30800F3E87E /* DropdownSelectorView.swift in Sources */ = {isa = PBXBuildFile; fileRef = 7D6A0EBF27F9C30800F3E87E /* DropdownSelectorView.swift */; };
		7D6A0EC227F9DAAD00F3E87E /* DropdownView.swift in Sources */ = {isa = PBXBuildFile; fileRef = 7D6A0EC127F9DAAD00F3E87E /* DropdownView.swift */; };
		7D6A0EC427F9DF9E00F3E87E /* DropdownRowView.swift in Sources */ = {isa = PBXBuildFile; fileRef = 7D6A0EC327F9DF9E00F3E87E /* DropdownRowView.swift */; };
		7D6A0EC627F9E35700F3E87E /* DropdownSelectorViewModel.swift in Sources */ = {isa = PBXBuildFile; fileRef = 7D6A0EC527F9E35700F3E87E /* DropdownSelectorViewModel.swift */; };
		7D6A0EC827F9E55100F3E87E /* SelectorsView.swift in Sources */ = {isa = PBXBuildFile; fileRef = 7D6A0EC727F9E55100F3E87E /* SelectorsView.swift */; };
		7D6A0ED927FD6CD500F3E87E /* MyScoreView.swift in Sources */ = {isa = PBXBuildFile; fileRef = 7D6A0ED827FD6CD500F3E87E /* MyScoreView.swift */; };
		7D6A0EDB27FD6D1900F3E87E /* ScoreView.swift in Sources */ = {isa = PBXBuildFile; fileRef = 7D6A0EDA27FD6D1900F3E87E /* ScoreView.swift */; };
		7D6A0EDD27FD72DE00F3E87E /* SceneDelegate.swift in Sources */ = {isa = PBXBuildFile; fileRef = 7D6A0EDC27FD72DE00F3E87E /* SceneDelegate.swift */; };
		7D6A0EDF27FD730A00F3E87E /* AppDelegate.swift in Sources */ = {isa = PBXBuildFile; fileRef = 7D6A0EDE27FD730A00F3E87E /* AppDelegate.swift */; };
		7D6A0EE227FE74F300F3E87E /* PostRequestPractice.swift in Sources */ = {isa = PBXBuildFile; fileRef = 7D6A0EE127FE74F300F3E87E /* PostRequestPractice.swift */; };
		7D751FB6288E63E900AB6888 /* TopTabview.swift in Sources */ = {isa = PBXBuildFile; fileRef = 7D751FB5288E63E900AB6888 /* TopTabview.swift */; };
		7D76D94F289CA034005880B8 /* GalleryImagesView.swift in Sources */ = {isa = PBXBuildFile; fileRef = 7D76D94E289CA034005880B8 /* GalleryImagesView.swift */; };
		7D76FC862862E6EF00E7A1E0 /* FileUploadPractice.swift in Sources */ = {isa = PBXBuildFile; fileRef = 7D76FC852862E6EF00E7A1E0 /* FileUploadPractice.swift */; };
		7D7D1AC9284F3895003FFDE8 /* AlertBackgroundView.swift in Sources */ = {isa = PBXBuildFile; fileRef = 7D7D1AC8284F3895003FFDE8 /* AlertBackgroundView.swift */; };
		7D7D1ACC28506FCA003FFDE8 /* SlotDragView.swift in Sources */ = {isa = PBXBuildFile; fileRef = 7D7D1ACB28506FCA003FFDE8 /* SlotDragView.swift */; };
		7D87C63F285B593C00753A24 /* ScrollPracticeView.swift in Sources */ = {isa = PBXBuildFile; fileRef = 7D87C63E285B593C00753A24 /* ScrollPracticeView.swift */; };
		7D87C644285F5EB000753A24 /* StarRatingPracticeView.swift in Sources */ = {isa = PBXBuildFile; fileRef = 7D87C643285F5EAF00753A24 /* StarRatingPracticeView.swift */; };
		7D8860A02A36FF17009DBDCE /* UIViewControllerRepresentablePracticeView.swift in Sources */ = {isa = PBXBuildFile; fileRef = 7D88609F2A36FF17009DBDCE /* UIViewControllerRepresentablePracticeView.swift */; };
		7D8860A22A36FFA4009DBDCE /* CowsOverview.swift in Sources */ = {isa = PBXBuildFile; fileRef = 7D8860A12A36FFA4009DBDCE /* CowsOverview.swift */; };
		7D8860A42A3C637B009DBDCE /* ImagePickerPractice.swift in Sources */ = {isa = PBXBuildFile; fileRef = 7D8860A32A3C637B009DBDCE /* ImagePickerPractice.swift */; };
		7D8AB6A92A275CE200051A62 /* Modifier.swift in Sources */ = {isa = PBXBuildFile; fileRef = 7D8AB6A82A275CE200051A62 /* Modifier.swift */; };
		7D8AB6AB2A275DC000051A62 /* CustomViewModifierView.swift in Sources */ = {isa = PBXBuildFile; fileRef = 7D8AB6AA2A275DC000051A62 /* CustomViewModifierView.swift */; };
		7D8AB6AE2A29E14500051A62 /* ViewBuilderPracticeView.swift in Sources */ = {isa = PBXBuildFile; fileRef = 7D8AB6AD2A29E14500051A62 /* ViewBuilderPracticeView.swift */; };
		7D8AB6B12A2AEA3B00051A62 /* ToggleStylePracticeView.swift in Sources */ = {isa = PBXBuildFile; fileRef = 7D8AB6B02A2AEA3B00051A62 /* ToggleStylePracticeView.swift */; };
		7D8AB6B42A2DE41F00051A62 /* UIVIewRepresentablePracticeView.swift in Sources */ = {isa = PBXBuildFile; fileRef = 7D8AB6B32A2DE41F00051A62 /* UIVIewRepresentablePracticeView.swift */; };
		7D8AB6B62A2F027100051A62 /* CustomPickerTextField.swift in Sources */ = {isa = PBXBuildFile; fileRef = 7D8AB6B52A2F027100051A62 /* CustomPickerTextField.swift */; };
		7D996A1B28B08D55002962D3 /* sendbirdCallView.swift in Sources */ = {isa = PBXBuildFile; fileRef = 7D996A1A28B08D55002962D3 /* sendbirdCallView.swift */; };
		7D996A1E28B09D8F002962D3 /* SendBirdCalls in Frameworks */ = {isa = PBXBuildFile; productRef = 7D996A1D28B09D8F002962D3 /* SendBirdCalls */; };
		7D996A2028B0A10F002962D3 /* sendbirdCallViewModel.swift in Sources */ = {isa = PBXBuildFile; fileRef = 7D996A1F28B0A10F002962D3 /* sendbirdCallViewModel.swift */; };
		7DC8740028B53194003C171D /* CXCallManager.swift in Sources */ = {isa = PBXBuildFile; fileRef = 7DC873FF28B53194003C171D /* CXCallManager.swift */; };
		7DC8740228B53233003C171D /* CXProvider+QuickStart.swift in Sources */ = {isa = PBXBuildFile; fileRef = 7DC8740128B53233003C171D /* CXProvider+QuickStart.swift */; };
		7DCA9B582823A8D10068AB11 /* DatePicker.swift in Sources */ = {isa = PBXBuildFile; fileRef = 7DCA9B572823A8D10068AB11 /* DatePicker.swift */; };
/* End PBXBuildFile section */

/* Begin PBXFileReference section */
		7D255D382802930700EE2C1A /* SearchableListView.swift */ = {isa = PBXFileReference; lastKnownFileType = sourcecode.swift; path = SearchableListView.swift; sourceTree = "<group>"; };
		7D255D3A2802989700EE2C1A /* CompanyNameFetcher.swift */ = {isa = PBXFileReference; lastKnownFileType = sourcecode.swift; path = CompanyNameFetcher.swift; sourceTree = "<group>"; };
		7D255D3C280299BB00EE2C1A /* SearchableListViewModel.swift */ = {isa = PBXFileReference; lastKnownFileType = sourcecode.swift; path = SearchableListViewModel.swift; sourceTree = "<group>"; };
		7D25A7B12854528D00CA18CC /* WrappingHstackPracticeView.swift */ = {isa = PBXFileReference; lastKnownFileType = sourcecode.swift; path = WrappingHstackPracticeView.swift; sourceTree = "<group>"; };
		7D33E2C6285975D600B2AC34 /* OpenOtherAppView.swift */ = {isa = PBXFileReference; lastKnownFileType = sourcecode.swift; path = OpenOtherAppView.swift; sourceTree = "<group>"; };
		7D33E2CE285AD20D00B2AC34 /* OpenPdfFileView.swift */ = {isa = PBXFileReference; lastKnownFileType = sourcecode.swift; path = OpenPdfFileView.swift; sourceTree = "<group>"; };
		7D405D2C286896A100804EEE /* BottomSheetPractice.swift */ = {isa = PBXFileReference; lastKnownFileType = sourcecode.swift; path = BottomSheetPractice.swift; sourceTree = "<group>"; };
		7D45E515280DC10800CB97B3 /* SnapCarousel.swift */ = {isa = PBXFileReference; lastKnownFileType = sourcecode.swift; path = SnapCarousel.swift; sourceTree = "<group>"; };
		7D45E517280DC79A00CB97B3 /* Carousel.swift */ = {isa = PBXFileReference; lastKnownFileType = sourcecode.swift; path = Carousel.swift; sourceTree = "<group>"; };
		7D467484282F2C140054C705 /* YearMonthPicker.swift */ = {isa = PBXFileReference; lastKnownFileType = sourcecode.swift; path = YearMonthPicker.swift; sourceTree = "<group>"; };
		7D489A872897BE0500FCA08C /* NavigateConditionView.swift */ = {isa = PBXFileReference; lastKnownFileType = sourcecode.swift; path = NavigateConditionView.swift; sourceTree = "<group>"; };
		7D489A8E289A041E00FCA08C /* FileManagerPracticeView.swift */ = {isa = PBXFileReference; lastKnownFileType = sourcecode.swift; path = FileManagerPracticeView.swift; sourceTree = "<group>"; };
		7D489A90289A0C6400FCA08C /* FileManagerPracticeView2.swift */ = {isa = PBXFileReference; lastKnownFileType = sourcecode.swift; path = FileManagerPracticeView2.swift; sourceTree = "<group>"; };
		7D489A93289A18B500FCA08C /* DocumentPickerPractice.swift */ = {isa = PBXFileReference; lastKnownFileType = sourcecode.swift; path = DocumentPickerPractice.swift; sourceTree = "<group>"; };
		7D489A95289ACC8E00FCA08C /* DocumentPickerPracticeViewModel.swift */ = {isa = PBXFileReference; lastKnownFileType = sourcecode.swift; path = DocumentPickerPracticeViewModel.swift; sourceTree = "<group>"; };
		7D4CB1D927F67E7A00A03269 /* functionArchive.app */ = {isa = PBXFileReference; explicitFileType = wrapper.application; includeInIndex = 0; path = functionArchive.app; sourceTree = BUILT_PRODUCTS_DIR; };
		7D4CB1DC27F67E7A00A03269 /* functionArchiveApp.swift */ = {isa = PBXFileReference; lastKnownFileType = sourcecode.swift; path = functionArchiveApp.swift; sourceTree = "<group>"; };
		7D4CB1DE27F67E7A00A03269 /* ContentView.swift */ = {isa = PBXFileReference; lastKnownFileType = sourcecode.swift; path = ContentView.swift; sourceTree = "<group>"; };
		7D4CB1E027F67E7C00A03269 /* Assets.xcassets */ = {isa = PBXFileReference; lastKnownFileType = folder.assetcatalog; path = Assets.xcassets; sourceTree = "<group>"; };
		7D4CB1E327F67E7C00A03269 /* Preview Assets.xcassets */ = {isa = PBXFileReference; lastKnownFileType = folder.assetcatalog; path = "Preview Assets.xcassets"; sourceTree = "<group>"; };
		7D4CB1EB27F67F8900A03269 /* Landing.swift */ = {isa = PBXFileReference; lastKnownFileType = sourcecode.swift; path = Landing.swift; sourceTree = "<group>"; };
		7D4CB1F027F6851900A03269 /* selectResultView.swift */ = {isa = PBXFileReference; lastKnownFileType = sourcecode.swift; path = selectResultView.swift; sourceTree = "<group>"; };
		7D4CB1F227F68C2500A03269 /* FilterViewModel.swift */ = {isa = PBXFileReference; lastKnownFileType = sourcecode.swift; path = FilterViewModel.swift; sourceTree = "<group>"; };
		7D4F6E212844535B008DF072 /* TooltipFunctionView.swift */ = {isa = PBXFileReference; lastKnownFileType = sourcecode.swift; path = TooltipFunctionView.swift; sourceTree = "<group>"; };
		7D54C886280E94BD0047B277 /* HorizontalList.swift */ = {isa = PBXFileReference; lastKnownFileType = sourcecode.swift; path = HorizontalList.swift; sourceTree = "<group>"; };
		7D59F6BE2A416DCA00A602A6 /* StateObjectPracticeView.swift */ = {isa = PBXFileReference; lastKnownFileType = sourcecode.swift; path = StateObjectPracticeView.swift; sourceTree = "<group>"; };
		7D59F6C02A416DE200A602A6 /* ObservedObjectPracticeView.swift */ = {isa = PBXFileReference; lastKnownFileType = sourcecode.swift; path = ObservedObjectPracticeView.swift; sourceTree = "<group>"; };
		7D5E743828B35AB60014176B /* SwiftUIAppState.swift */ = {isa = PBXFileReference; lastKnownFileType = sourcecode.swift; path = SwiftUIAppState.swift; sourceTree = "<group>"; };
		7D602AC3283DADC700EF58EA /* AutoCompleteView.swift */ = {isa = PBXFileReference; lastKnownFileType = sourcecode.swift; path = AutoCompleteView.swift; sourceTree = "<group>"; };
		7D66219F286418C700F524DF /* WebViewPractice.swift */ = {isa = PBXFileReference; lastKnownFileType = sourcecode.swift; path = WebViewPractice.swift; sourceTree = "<group>"; };
		7D6621AC2865540500F524DF /* FileUploadPractice2.swift */ = {isa = PBXFileReference; lastKnownFileType = sourcecode.swift; path = FileUploadPractice2.swift; sourceTree = "<group>"; };
		7D6668532855BCD90097A524 /* ModalPracticeView.swift */ = {isa = PBXFileReference; lastKnownFileType = sourcecode.swift; path = ModalPracticeView.swift; sourceTree = "<group>"; };
		7D66685A285844210097A524 /* FileDownloadView.swift */ = {isa = PBXFileReference; lastKnownFileType = sourcecode.swift; path = FileDownloadView.swift; sourceTree = "<group>"; };
		7D6A0EBF27F9C30800F3E87E /* DropdownSelectorView.swift */ = {isa = PBXFileReference; lastKnownFileType = sourcecode.swift; path = DropdownSelectorView.swift; sourceTree = "<group>"; };
		7D6A0EC127F9DAAD00F3E87E /* DropdownView.swift */ = {isa = PBXFileReference; lastKnownFileType = sourcecode.swift; path = DropdownView.swift; sourceTree = "<group>"; };
		7D6A0EC327F9DF9E00F3E87E /* DropdownRowView.swift */ = {isa = PBXFileReference; lastKnownFileType = sourcecode.swift; path = DropdownRowView.swift; sourceTree = "<group>"; };
		7D6A0EC527F9E35700F3E87E /* DropdownSelectorViewModel.swift */ = {isa = PBXFileReference; lastKnownFileType = sourcecode.swift; path = DropdownSelectorViewModel.swift; sourceTree = "<group>"; };
		7D6A0EC727F9E55100F3E87E /* SelectorsView.swift */ = {isa = PBXFileReference; lastKnownFileType = sourcecode.swift; path = SelectorsView.swift; sourceTree = "<group>"; };
		7D6A0ED827FD6CD500F3E87E /* MyScoreView.swift */ = {isa = PBXFileReference; lastKnownFileType = sourcecode.swift; path = MyScoreView.swift; sourceTree = "<group>"; };
		7D6A0EDA27FD6D1900F3E87E /* ScoreView.swift */ = {isa = PBXFileReference; lastKnownFileType = sourcecode.swift; path = ScoreView.swift; sourceTree = "<group>"; };
		7D6A0EDC27FD72DE00F3E87E /* SceneDelegate.swift */ = {isa = PBXFileReference; lastKnownFileType = sourcecode.swift; path = SceneDelegate.swift; sourceTree = "<group>"; };
		7D6A0EDE27FD730A00F3E87E /* AppDelegate.swift */ = {isa = PBXFileReference; lastKnownFileType = sourcecode.swift; path = AppDelegate.swift; sourceTree = "<group>"; };
		7D6A0EE127FE74F300F3E87E /* PostRequestPractice.swift */ = {isa = PBXFileReference; lastKnownFileType = sourcecode.swift; path = PostRequestPractice.swift; sourceTree = "<group>"; };
		7D751FB5288E63E900AB6888 /* TopTabview.swift */ = {isa = PBXFileReference; lastKnownFileType = sourcecode.swift; path = TopTabview.swift; sourceTree = "<group>"; };
		7D76D94D289C99B0005880B8 /* Info.plist */ = {isa = PBXFileReference; lastKnownFileType = text.plist; path = Info.plist; sourceTree = "<group>"; };
		7D76D94E289CA034005880B8 /* GalleryImagesView.swift */ = {isa = PBXFileReference; lastKnownFileType = sourcecode.swift; path = GalleryImagesView.swift; sourceTree = "<group>"; };
		7D76FC852862E6EF00E7A1E0 /* FileUploadPractice.swift */ = {isa = PBXFileReference; lastKnownFileType = sourcecode.swift; path = FileUploadPractice.swift; sourceTree = "<group>"; };
		7D7D1AC8284F3895003FFDE8 /* AlertBackgroundView.swift */ = {isa = PBXFileReference; lastKnownFileType = sourcecode.swift; path = AlertBackgroundView.swift; sourceTree = "<group>"; };
		7D7D1ACB28506FCA003FFDE8 /* SlotDragView.swift */ = {isa = PBXFileReference; lastKnownFileType = sourcecode.swift; path = SlotDragView.swift; sourceTree = "<group>"; };
		7D87C63E285B593C00753A24 /* ScrollPracticeView.swift */ = {isa = PBXFileReference; lastKnownFileType = sourcecode.swift; path = ScrollPracticeView.swift; sourceTree = "<group>"; };
		7D87C643285F5EAF00753A24 /* StarRatingPracticeView.swift */ = {isa = PBXFileReference; lastKnownFileType = sourcecode.swift; path = StarRatingPracticeView.swift; sourceTree = "<group>"; };
		7D88609F2A36FF17009DBDCE /* UIViewControllerRepresentablePracticeView.swift */ = {isa = PBXFileReference; lastKnownFileType = sourcecode.swift; path = UIViewControllerRepresentablePracticeView.swift; sourceTree = "<group>"; };
		7D8860A12A36FFA4009DBDCE /* CowsOverview.swift */ = {isa = PBXFileReference; lastKnownFileType = sourcecode.swift; path = CowsOverview.swift; sourceTree = "<group>"; };
		7D8860A32A3C637B009DBDCE /* ImagePickerPractice.swift */ = {isa = PBXFileReference; lastKnownFileType = sourcecode.swift; path = ImagePickerPractice.swift; sourceTree = "<group>"; };
		7D8AB6A82A275CE200051A62 /* Modifier.swift */ = {isa = PBXFileReference; lastKnownFileType = sourcecode.swift; path = Modifier.swift; sourceTree = "<group>"; };
		7D8AB6AA2A275DC000051A62 /* CustomViewModifierView.swift */ = {isa = PBXFileReference; lastKnownFileType = sourcecode.swift; path = CustomViewModifierView.swift; sourceTree = "<group>"; };
		7D8AB6AD2A29E14500051A62 /* ViewBuilderPracticeView.swift */ = {isa = PBXFileReference; lastKnownFileType = sourcecode.swift; path = ViewBuilderPracticeView.swift; sourceTree = "<group>"; };
		7D8AB6B02A2AEA3B00051A62 /* ToggleStylePracticeView.swift */ = {isa = PBXFileReference; lastKnownFileType = sourcecode.swift; path = ToggleStylePracticeView.swift; sourceTree = "<group>"; };
		7D8AB6B32A2DE41F00051A62 /* UIVIewRepresentablePracticeView.swift */ = {isa = PBXFileReference; lastKnownFileType = sourcecode.swift; path = UIVIewRepresentablePracticeView.swift; sourceTree = "<group>"; };
		7D8AB6B52A2F027100051A62 /* CustomPickerTextField.swift */ = {isa = PBXFileReference; lastKnownFileType = sourcecode.swift; path = CustomPickerTextField.swift; sourceTree = "<group>"; };
		7D996A1A28B08D55002962D3 /* sendbirdCallView.swift */ = {isa = PBXFileReference; lastKnownFileType = sourcecode.swift; path = sendbirdCallView.swift; sourceTree = "<group>"; };
		7D996A1F28B0A10F002962D3 /* sendbirdCallViewModel.swift */ = {isa = PBXFileReference; lastKnownFileType = sourcecode.swift; path = sendbirdCallViewModel.swift; sourceTree = "<group>"; };
		7DC873FF28B53194003C171D /* CXCallManager.swift */ = {isa = PBXFileReference; lastKnownFileType = sourcecode.swift; path = CXCallManager.swift; sourceTree = "<group>"; };
		7DC8740128B53233003C171D /* CXProvider+QuickStart.swift */ = {isa = PBXFileReference; lastKnownFileType = sourcecode.swift; path = "CXProvider+QuickStart.swift"; sourceTree = "<group>"; };
		7DC8740328B535AF003C171D /* VoIPNotifications.entitlements */ = {isa = PBXFileReference; lastKnownFileType = text.plist.entitlements; path = VoIPNotifications.entitlements; sourceTree = "<group>"; };
		7DC8740428B5376B003C171D /* functionArchive.entitlements */ = {isa = PBXFileReference; lastKnownFileType = text.plist.entitlements; path = functionArchive.entitlements; sourceTree = "<group>"; };
		7DCA9B572823A8D10068AB11 /* DatePicker.swift */ = {isa = PBXFileReference; lastKnownFileType = sourcecode.swift; path = DatePicker.swift; sourceTree = "<group>"; };
/* End PBXFileReference section */

/* Begin PBXFrameworksBuildPhase section */
		7D4CB1D627F67E7A00A03269 /* Frameworks */ = {
			isa = PBXFrameworksBuildPhase;
			buildActionMask = 2147483647;
			files = (
				7D996A1E28B09D8F002962D3 /* SendBirdCalls in Frameworks */,
			);
			runOnlyForDeploymentPostprocessing = 0;
		};
/* End PBXFrameworksBuildPhase section */

/* Begin PBXGroup section */
		7D255D372802926900EE2C1A /* Searchable */ = {
			isa = PBXGroup;
			children = (
				7D255D382802930700EE2C1A /* SearchableListView.swift */,
				7D255D3C280299BB00EE2C1A /* SearchableListViewModel.swift */,
				7D255D3A2802989700EE2C1A /* CompanyNameFetcher.swift */,
			);
			path = Searchable;
			sourceTree = "<group>";
		};
		7D25A7B02854521F00CA18CC /* WrappingHStackMultipleLines */ = {
			isa = PBXGroup;
			children = (
				7D25A7B12854528D00CA18CC /* WrappingHstackPracticeView.swift */,
			);
			path = WrappingHStackMultipleLines;
			sourceTree = "<group>";
		};
		7D33E2C5285975B500B2AC34 /* OpenOtherApp */ = {
			isa = PBXGroup;
			children = (
				7D33E2C6285975D600B2AC34 /* OpenOtherAppView.swift */,
			);
			path = OpenOtherApp;
			sourceTree = "<group>";
		};
		7D33E2CD285AD1E900B2AC34 /* OpenPdfFile */ = {
			isa = PBXGroup;
			children = (
				7D33E2CE285AD20D00B2AC34 /* OpenPdfFileView.swift */,
			);
			path = OpenPdfFile;
			sourceTree = "<group>";
		};
		7D405D2B2868967B00804EEE /* BottomSheet */ = {
			isa = PBXGroup;
			children = (
				7D405D2C286896A100804EEE /* BottomSheetPractice.swift */,
			);
			path = BottomSheet;
			sourceTree = "<group>";
		};
		7D45E514280DBF9100CB97B3 /* CarouselList */ = {
			isa = PBXGroup;
			children = (
				7D45E515280DC10800CB97B3 /* SnapCarousel.swift */,
				7D45E517280DC79A00CB97B3 /* Carousel.swift */,
				7D54C886280E94BD0047B277 /* HorizontalList.swift */,
			);
			path = CarouselList;
			sourceTree = "<group>";
		};
		7D467483282F2BA70054C705 /* YearMonthpicker */ = {
			isa = PBXGroup;
			children = (
				7D467484282F2C140054C705 /* YearMonthPicker.swift */,
			);
			path = YearMonthpicker;
			sourceTree = "<group>";
		};
		7D489A862897BDCF00FCA08C /* NavigateCondition */ = {
			isa = PBXGroup;
			children = (
				7D489A872897BE0500FCA08C /* NavigateConditionView.swift */,
			);
			path = NavigateCondition;
			sourceTree = "<group>";
		};
		7D489A8D289A03E700FCA08C /* FileManagerPractice */ = {
			isa = PBXGroup;
			children = (
				7D489A8E289A041E00FCA08C /* FileManagerPracticeView.swift */,
				7D489A90289A0C6400FCA08C /* FileManagerPracticeView2.swift */,
			);
			path = FileManagerPractice;
			sourceTree = "<group>";
		};
		7D489A92289A189900FCA08C /* DocumentPicker */ = {
			isa = PBXGroup;
			children = (
				7D489A93289A18B500FCA08C /* DocumentPickerPractice.swift */,
				7D489A95289ACC8E00FCA08C /* DocumentPickerPracticeViewModel.swift */,
				7D76D94E289CA034005880B8 /* GalleryImagesView.swift */,
			);
			path = DocumentPicker;
			sourceTree = "<group>";
		};
		7D4CB1D027F67E7900A03269 = {
			isa = PBXGroup;
			children = (
				7D4CB1DB27F67E7A00A03269 /* functionArchive */,
				7D4CB1DA27F67E7A00A03269 /* Products */,
			);
			sourceTree = "<group>";
		};
		7D4CB1DA27F67E7A00A03269 /* Products */ = {
			isa = PBXGroup;
			children = (
				7D4CB1D927F67E7A00A03269 /* functionArchive.app */,
			);
			name = Products;
			sourceTree = "<group>";
		};
		7D4CB1DB27F67E7A00A03269 /* functionArchive */ = {
			isa = PBXGroup;
			children = (
				7DC8740428B5376B003C171D /* functionArchive.entitlements */,
				7D76D94D289C99B0005880B8 /* Info.plist */,
				7D4CB1EA27F67ED100A03269 /* Presentation */,
				7D4CB1DC27F67E7A00A03269 /* functionArchiveApp.swift */,
				7D4CB1DE27F67E7A00A03269 /* ContentView.swift */,
				7D4CB1EB27F67F8900A03269 /* Landing.swift */,
				7D6A0EDC27FD72DE00F3E87E /* SceneDelegate.swift */,
				7D6A0EDE27FD730A00F3E87E /* AppDelegate.swift */,
				7D4CB1E027F67E7C00A03269 /* Assets.xcassets */,
				7D4CB1E227F67E7C00A03269 /* Preview Content */,
			);
			path = functionArchive;
			sourceTree = "<group>";
		};
		7D4CB1E227F67E7C00A03269 /* Preview Content */ = {
			isa = PBXGroup;
			children = (
				7D4CB1E327F67E7C00A03269 /* Preview Assets.xcassets */,
			);
			path = "Preview Content";
			sourceTree = "<group>";
		};
		7D4CB1EA27F67ED100A03269 /* Presentation */ = {
			isa = PBXGroup;
			children = (
				7D59F6BD2A416D7200A602A6 /* StateObjectAndObservedObject */,
				7D88609E2A36FE47009DBDCE /* UIViewControllerRepresentable */,
				7D8AB6B22A2DE3F200051A62 /* UIViewRepresentablePractice */,
				7D8AB6AF2A2AEA0400051A62 /* ToggleStylePractice */,
				7D8AB6AC2A29E11800051A62 /* VewBuilderPractice */,
				7D8AB6A72A275C9B00051A62 /* CustomViewModifier */,
				7D996A1928B08D1A002962D3 /* sendbirdCall */,
				7D489A92289A189900FCA08C /* DocumentPicker */,
				7D489A8D289A03E700FCA08C /* FileManagerPractice */,
				7D489A862897BDCF00FCA08C /* NavigateCondition */,
				7D751FB4288E63C600AB6888 /* TopTabview */,
				7D405D2B2868967B00804EEE /* BottomSheet */,
				7D66219E286418A300F524DF /* WebView */,
				7D76FC842862E6C200E7A1E0 /* FileUpload */,
				7D87C642285F5E5E00753A24 /* StarRatingPractice */,
				7D87C63D285B591A00753A24 /* ScrollPractice */,
				7D33E2CD285AD1E900B2AC34 /* OpenPdfFile */,
				7D33E2C5285975B500B2AC34 /* OpenOtherApp */,
				7D666859285843BD0097A524 /* FileDownload */,
				7D6668522855BCA50097A524 /* CustomReuserbleModal */,
				7D25A7B02854521F00CA18CC /* WrappingHStackMultipleLines */,
				7D7D1ACA28506FB6003FFDE8 /* SlotDrag */,
				7D7D1AC5284F3865003FFDE8 /* Alert */,
				7D4F6E202844532E008DF072 /* Tooltip */,
				7D602AC2283DADB100EF58EA /* AutoComplete */,
				7D467483282F2BA70054C705 /* YearMonthpicker */,
				7DCA9B562823A8BB0068AB11 /* DatePicker */,
				7D45E514280DBF9100CB97B3 /* CarouselList */,
				7D255D372802926900EE2C1A /* Searchable */,
				7D6A0EE027FE74B500F3E87E /* PostRequest */,
				7D6A0ED627FD6C8E00F3E87E /* PracticeEnvironmentObject */,
				7D6A0EBC27F9C27D00F3E87E /* ReusableDropDownSelector */,
				7D4CB1ED27F6838400A03269 /* MultiSelectionFilter */,
			);
			path = Presentation;
			sourceTree = "<group>";
		};
		7D4CB1ED27F6838400A03269 /* MultiSelectionFilter */ = {
			isa = PBXGroup;
			children = (
				7D4CB1EF27F683A700A03269 /* ViewModel */,
				7D4CB1EE27F683A100A03269 /* View */,
			);
			path = MultiSelectionFilter;
			sourceTree = "<group>";
		};
		7D4CB1EE27F683A100A03269 /* View */ = {
			isa = PBXGroup;
			children = (
				7D4CB1F027F6851900A03269 /* selectResultView.swift */,
			);
			path = View;
			sourceTree = "<group>";
		};
		7D4CB1EF27F683A700A03269 /* ViewModel */ = {
			isa = PBXGroup;
			children = (
				7D4CB1F227F68C2500A03269 /* FilterViewModel.swift */,
			);
			path = ViewModel;
			sourceTree = "<group>";
		};
		7D4F6E202844532E008DF072 /* Tooltip */ = {
			isa = PBXGroup;
			children = (
				7D4F6E212844535B008DF072 /* TooltipFunctionView.swift */,
			);
			path = Tooltip;
			sourceTree = "<group>";
		};
		7D59F6BD2A416D7200A602A6 /* StateObjectAndObservedObject */ = {
			isa = PBXGroup;
			children = (
				7D59F6BE2A416DCA00A602A6 /* StateObjectPracticeView.swift */,
				7D59F6C02A416DE200A602A6 /* ObservedObjectPracticeView.swift */,
			);
			path = StateObjectAndObservedObject;
			sourceTree = "<group>";
		};
		7D602AC2283DADB100EF58EA /* AutoComplete */ = {
			isa = PBXGroup;
			children = (
				7D602AC3283DADC700EF58EA /* AutoCompleteView.swift */,
			);
			path = AutoComplete;
			sourceTree = "<group>";
		};
		7D66219E286418A300F524DF /* WebView */ = {
			isa = PBXGroup;
			children = (
				7D66219F286418C700F524DF /* WebViewPractice.swift */,
			);
			path = WebView;
			sourceTree = "<group>";
		};
		7D6668522855BCA50097A524 /* CustomReuserbleModal */ = {
			isa = PBXGroup;
			children = (
				7D6668532855BCD90097A524 /* ModalPracticeView.swift */,
			);
			path = CustomReuserbleModal;
			sourceTree = "<group>";
		};
		7D666859285843BD0097A524 /* FileDownload */ = {
			isa = PBXGroup;
			children = (
				7D66685A285844210097A524 /* FileDownloadView.swift */,
			);
			path = FileDownload;
			sourceTree = "<group>";
		};
		7D6A0EBC27F9C27D00F3E87E /* ReusableDropDownSelector */ = {
			isa = PBXGroup;
			children = (
				7D6A0EBE27F9C2E500F3E87E /* ViewModel */,
				7D6A0EBD27F9C2DE00F3E87E /* View */,
			);
			path = ReusableDropDownSelector;
			sourceTree = "<group>";
		};
		7D6A0EBD27F9C2DE00F3E87E /* View */ = {
			isa = PBXGroup;
			children = (
				7D6A0EC727F9E55100F3E87E /* SelectorsView.swift */,
				7D6A0EBF27F9C30800F3E87E /* DropdownSelectorView.swift */,
				7D6A0EC127F9DAAD00F3E87E /* DropdownView.swift */,
				7D6A0EC327F9DF9E00F3E87E /* DropdownRowView.swift */,
			);
			path = View;
			sourceTree = "<group>";
		};
		7D6A0EBE27F9C2E500F3E87E /* ViewModel */ = {
			isa = PBXGroup;
			children = (
				7D6A0EC527F9E35700F3E87E /* DropdownSelectorViewModel.swift */,
			);
			path = ViewModel;
			sourceTree = "<group>";
		};
		7D6A0ED627FD6C8E00F3E87E /* PracticeEnvironmentObject */ = {
			isa = PBXGroup;
			children = (
				7D6A0ED727FD6CB200F3E87E /* View */,
			);
			path = PracticeEnvironmentObject;
			sourceTree = "<group>";
		};
		7D6A0ED727FD6CB200F3E87E /* View */ = {
			isa = PBXGroup;
			children = (
				7D6A0ED827FD6CD500F3E87E /* MyScoreView.swift */,
				7D6A0EDA27FD6D1900F3E87E /* ScoreView.swift */,
			);
			path = View;
			sourceTree = "<group>";
		};
		7D6A0EE027FE74B500F3E87E /* PostRequest */ = {
			isa = PBXGroup;
			children = (
				7D6A0EE127FE74F300F3E87E /* PostRequestPractice.swift */,
			);
			path = PostRequest;
			sourceTree = "<group>";
		};
		7D751FB4288E63C600AB6888 /* TopTabview */ = {
			isa = PBXGroup;
			children = (
				7D751FB5288E63E900AB6888 /* TopTabview.swift */,
			);
			path = TopTabview;
			sourceTree = "<group>";
		};
		7D76FC842862E6C200E7A1E0 /* FileUpload */ = {
			isa = PBXGroup;
			children = (
				7D76FC852862E6EF00E7A1E0 /* FileUploadPractice.swift */,
				7D6621AC2865540500F524DF /* FileUploadPractice2.swift */,
			);
			name = FileUpload;
			sourceTree = "<group>";
		};
		7D7D1AC5284F3865003FFDE8 /* Alert */ = {
			isa = PBXGroup;
			children = (
				7D7D1AC8284F3895003FFDE8 /* AlertBackgroundView.swift */,
			);
			path = Alert;
			sourceTree = "<group>";
		};
		7D7D1ACA28506FB6003FFDE8 /* SlotDrag */ = {
			isa = PBXGroup;
			children = (
				7D7D1ACB28506FCA003FFDE8 /* SlotDragView.swift */,
			);
			path = SlotDrag;
			sourceTree = "<group>";
		};
		7D87C63D285B591A00753A24 /* ScrollPractice */ = {
			isa = PBXGroup;
			children = (
				7D87C63E285B593C00753A24 /* ScrollPracticeView.swift */,
			);
			path = ScrollPractice;
			sourceTree = "<group>";
		};
		7D87C642285F5E5E00753A24 /* StarRatingPractice */ = {
			isa = PBXGroup;
			children = (
				7D87C643285F5EAF00753A24 /* StarRatingPracticeView.swift */,
			);
			path = StarRatingPractice;
			sourceTree = "<group>";
		};
		7D88609E2A36FE47009DBDCE /* UIViewControllerRepresentable */ = {
			isa = PBXGroup;
			children = (
				7D88609F2A36FF17009DBDCE /* UIViewControllerRepresentablePracticeView.swift */,
				7D8860A12A36FFA4009DBDCE /* CowsOverview.swift */,
				7D8860A32A3C637B009DBDCE /* ImagePickerPractice.swift */,
			);
			path = UIViewControllerRepresentable;
			sourceTree = "<group>";
		};
		7D8AB6A72A275C9B00051A62 /* CustomViewModifier */ = {
			isa = PBXGroup;
			children = (
				7D8AB6A82A275CE200051A62 /* Modifier.swift */,
				7D8AB6AA2A275DC000051A62 /* CustomViewModifierView.swift */,
			);
			path = CustomViewModifier;
			sourceTree = "<group>";
		};
		7D8AB6AC2A29E11800051A62 /* VewBuilderPractice */ = {
			isa = PBXGroup;
			children = (
				7D8AB6AD2A29E14500051A62 /* ViewBuilderPracticeView.swift */,
			);
			path = VewBuilderPractice;
			sourceTree = "<group>";
		};
		7D8AB6AF2A2AEA0400051A62 /* ToggleStylePractice */ = {
			isa = PBXGroup;
			children = (
				7D8AB6B02A2AEA3B00051A62 /* ToggleStylePracticeView.swift */,
			);
			path = ToggleStylePractice;
			sourceTree = "<group>";
		};
		7D8AB6B22A2DE3F200051A62 /* UIViewRepresentablePractice */ = {
			isa = PBXGroup;
			children = (
				7D8AB6B32A2DE41F00051A62 /* UIVIewRepresentablePracticeView.swift */,
				7D8AB6B52A2F027100051A62 /* CustomPickerTextField.swift */,
			);
			path = UIViewRepresentablePractice;
			sourceTree = "<group>";
		};
		7D996A1928B08D1A002962D3 /* sendbirdCall */ = {
			isa = PBXGroup;
			children = (
				7DC8740328B535AF003C171D /* VoIPNotifications.entitlements */,
				7D996A1A28B08D55002962D3 /* sendbirdCallView.swift */,
				7D996A1F28B0A10F002962D3 /* sendbirdCallViewModel.swift */,
				7D5E743828B35AB60014176B /* SwiftUIAppState.swift */,
				7DC873FF28B53194003C171D /* CXCallManager.swift */,
				7DC8740128B53233003C171D /* CXProvider+QuickStart.swift */,
			);
			path = sendbirdCall;
			sourceTree = "<group>";
		};
		7DCA9B562823A8BB0068AB11 /* DatePicker */ = {
			isa = PBXGroup;
			children = (
				7DCA9B572823A8D10068AB11 /* DatePicker.swift */,
			);
			path = DatePicker;
			sourceTree = "<group>";
		};
/* End PBXGroup section */

/* Begin PBXNativeTarget section */
		7D4CB1D827F67E7A00A03269 /* functionArchive */ = {
			isa = PBXNativeTarget;
			buildConfigurationList = 7D4CB1E727F67E7C00A03269 /* Build configuration list for PBXNativeTarget "functionArchive" */;
			buildPhases = (
				7D4CB1D527F67E7A00A03269 /* Sources */,
				7D4CB1D627F67E7A00A03269 /* Frameworks */,
				7D4CB1D727F67E7A00A03269 /* Resources */,
			);
			buildRules = (
			);
			dependencies = (
			);
			name = functionArchive;
			packageProductDependencies = (
				7D996A1D28B09D8F002962D3 /* SendBirdCalls */,
			);
			productName = functionArchive;
			productReference = 7D4CB1D927F67E7A00A03269 /* functionArchive.app */;
			productType = "com.apple.product-type.application";
		};
/* End PBXNativeTarget section */

/* Begin PBXProject section */
		7D4CB1D127F67E7900A03269 /* Project object */ = {
			isa = PBXProject;
			attributes = {
				BuildIndependentTargetsInParallel = 1;
				LastSwiftUpdateCheck = 1320;
				LastUpgradeCheck = 1320;
				TargetAttributes = {
					7D4CB1D827F67E7A00A03269 = {
						CreatedOnToolsVersion = 13.2.1;
					};
				};
			};
			buildConfigurationList = 7D4CB1D427F67E7900A03269 /* Build configuration list for PBXProject "functionArchive" */;
			compatibilityVersion = "Xcode 13.0";
			developmentRegion = en;
			hasScannedForEncodings = 0;
			knownRegions = (
				en,
				Base,
			);
			mainGroup = 7D4CB1D027F67E7900A03269;
			packageReferences = (
				7D996A1C28B09D8F002962D3 /* XCRemoteSwiftPackageReference "sendbird-calls-ios" */,
			);
			productRefGroup = 7D4CB1DA27F67E7A00A03269 /* Products */;
			projectDirPath = "";
			projectRoot = "";
			targets = (
				7D4CB1D827F67E7A00A03269 /* functionArchive */,
			);
		};
/* End PBXProject section */

/* Begin PBXResourcesBuildPhase section */
		7D4CB1D727F67E7A00A03269 /* Resources */ = {
			isa = PBXResourcesBuildPhase;
			buildActionMask = 2147483647;
			files = (
				7D4CB1E427F67E7C00A03269 /* Preview Assets.xcassets in Resources */,
				7D4CB1E127F67E7C00A03269 /* Assets.xcassets in Resources */,
			);
			runOnlyForDeploymentPostprocessing = 0;
		};
/* End PBXResourcesBuildPhase section */

/* Begin PBXSourcesBuildPhase section */
		7D4CB1D527F67E7A00A03269 /* Sources */ = {
			isa = PBXSourcesBuildPhase;
			buildActionMask = 2147483647;
			files = (
				7D6621A0286418C700F524DF /* WebViewPractice.swift in Sources */,
				7D6621AD2865540500F524DF /* FileUploadPractice2.swift in Sources */,
				7D8AB6A92A275CE200051A62 /* Modifier.swift in Sources */,
				7D59F6C12A416DE200A602A6 /* ObservedObjectPracticeView.swift in Sources */,
				7D6668542855BCD90097A524 /* ModalPracticeView.swift in Sources */,
				7D87C63F285B593C00753A24 /* ScrollPracticeView.swift in Sources */,
				7D76FC862862E6EF00E7A1E0 /* FileUploadPractice.swift in Sources */,
				7D751FB6288E63E900AB6888 /* TopTabview.swift in Sources */,
				7D6A0ED927FD6CD500F3E87E /* MyScoreView.swift in Sources */,
				7D489A882897BE0600FCA08C /* NavigateConditionView.swift in Sources */,
				7D6A0EC427F9DF9E00F3E87E /* DropdownRowView.swift in Sources */,
				7D54C887280E94BD0047B277 /* HorizontalList.swift in Sources */,
				7D4CB1EC27F67F8900A03269 /* Landing.swift in Sources */,
				7D996A1B28B08D55002962D3 /* sendbirdCallView.swift in Sources */,
				7D45E518280DC79A00CB97B3 /* Carousel.swift in Sources */,
				7D5E743928B35AB60014176B /* SwiftUIAppState.swift in Sources */,
				7D4CB1DF27F67E7A00A03269 /* ContentView.swift in Sources */,
				7D405D2D286896A100804EEE /* BottomSheetPractice.swift in Sources */,
				7D4F6E222844535B008DF072 /* TooltipFunctionView.swift in Sources */,
				7D66685B285844210097A524 /* FileDownloadView.swift in Sources */,
				7D76D94F289CA034005880B8 /* GalleryImagesView.swift in Sources */,
				7DC8740028B53194003C171D /* CXCallManager.swift in Sources */,
				7D255D392802930800EE2C1A /* SearchableListView.swift in Sources */,
				7D602AC4283DADC700EF58EA /* AutoCompleteView.swift in Sources */,
				7D87C644285F5EB000753A24 /* StarRatingPracticeView.swift in Sources */,
				7D8860A22A36FFA4009DBDCE /* CowsOverview.swift in Sources */,
				7DCA9B582823A8D10068AB11 /* DatePicker.swift in Sources */,
				7D7D1ACC28506FCA003FFDE8 /* SlotDragView.swift in Sources */,
				7D6A0EDF27FD730A00F3E87E /* AppDelegate.swift in Sources */,
				7D6A0EC827F9E55100F3E87E /* SelectorsView.swift in Sources */,
				7D45E516280DC10800CB97B3 /* SnapCarousel.swift in Sources */,
				7D489A96289ACC8E00FCA08C /* DocumentPickerPracticeViewModel.swift in Sources */,
				7D8860A42A3C637B009DBDCE /* ImagePickerPractice.swift in Sources */,
				7D8860A02A36FF17009DBDCE /* UIViewControllerRepresentablePracticeView.swift in Sources */,
				7D6A0EDB27FD6D1900F3E87E /* ScoreView.swift in Sources */,
				7D996A2028B0A10F002962D3 /* sendbirdCallViewModel.swift in Sources */,
				7D8AB6B62A2F027100051A62 /* CustomPickerTextField.swift in Sources */,
				7D467485282F2C140054C705 /* YearMonthPicker.swift in Sources */,
				7D8AB6B42A2DE41F00051A62 /* UIVIewRepresentablePracticeView.swift in Sources */,
				7D6A0EC027F9C30800F3E87E /* DropdownSelectorView.swift in Sources */,
				7D489A94289A18B500FCA08C /* DocumentPickerPractice.swift in Sources */,
				7D4CB1F327F68C2500A03269 /* FilterViewModel.swift in Sources */,
				7D25A7B22854528D00CA18CC /* WrappingHstackPracticeView.swift in Sources */,
				7D255D3B2802989700EE2C1A /* CompanyNameFetcher.swift in Sources */,
				7D6A0EDD27FD72DE00F3E87E /* SceneDelegate.swift in Sources */,
				7D8AB6B12A2AEA3B00051A62 /* ToggleStylePracticeView.swift in Sources */,
				7D8AB6AB2A275DC000051A62 /* CustomViewModifierView.swift in Sources */,
				7D33E2CF285AD20D00B2AC34 /* OpenPdfFileView.swift in Sources */,
				7D6A0EE227FE74F300F3E87E /* PostRequestPractice.swift in Sources */,
				7DC8740228B53233003C171D /* CXProvider+QuickStart.swift in Sources */,
				7D489A8F289A041E00FCA08C /* FileManagerPracticeView.swift in Sources */,
				7D489A91289A0C6400FCA08C /* FileManagerPracticeView2.swift in Sources */,
				7D6A0EC627F9E35700F3E87E /* DropdownSelectorViewModel.swift in Sources */,
				7D8AB6AE2A29E14500051A62 /* ViewBuilderPracticeView.swift in Sources */,
				7D7D1AC9284F3895003FFDE8 /* AlertBackgroundView.swift in Sources */,
				7D4CB1DD27F67E7A00A03269 /* functionArchiveApp.swift in Sources */,
				7D6A0EC227F9DAAD00F3E87E /* DropdownView.swift in Sources */,
				7D255D3D280299BB00EE2C1A /* SearchableListViewModel.swift in Sources */,
				7D33E2C7285975D600B2AC34 /* OpenOtherAppView.swift in Sources */,
				7D59F6BF2A416DCA00A602A6 /* StateObjectPracticeView.swift in Sources */,
				7D4CB1F127F6851900A03269 /* selectResultView.swift in Sources */,
			);
			runOnlyForDeploymentPostprocessing = 0;
		};
/* End PBXSourcesBuildPhase section */

/* Begin XCBuildConfiguration section */
		7D4CB1E527F67E7C00A03269 /* Debug */ = {
			isa = XCBuildConfiguration;
			buildSettings = {
				ALWAYS_SEARCH_USER_PATHS = NO;
				CLANG_ANALYZER_NONNULL = YES;
				CLANG_ANALYZER_NUMBER_OBJECT_CONVERSION = YES_AGGRESSIVE;
				CLANG_CXX_LANGUAGE_STANDARD = "gnu++17";
				CLANG_CXX_LIBRARY = "libc++";
				CLANG_ENABLE_MODULES = YES;
				CLANG_ENABLE_OBJC_ARC = YES;
				CLANG_ENABLE_OBJC_WEAK = YES;
				CLANG_WARN_BLOCK_CAPTURE_AUTORELEASING = YES;
				CLANG_WARN_BOOL_CONVERSION = YES;
				CLANG_WARN_COMMA = YES;
				CLANG_WARN_CONSTANT_CONVERSION = YES;
				CLANG_WARN_DEPRECATED_OBJC_IMPLEMENTATIONS = YES;
				CLANG_WARN_DIRECT_OBJC_ISA_USAGE = YES_ERROR;
				CLANG_WARN_DOCUMENTATION_COMMENTS = YES;
				CLANG_WARN_EMPTY_BODY = YES;
				CLANG_WARN_ENUM_CONVERSION = YES;
				CLANG_WARN_INFINITE_RECURSION = YES;
				CLANG_WARN_INT_CONVERSION = YES;
				CLANG_WARN_NON_LITERAL_NULL_CONVERSION = YES;
				CLANG_WARN_OBJC_IMPLICIT_RETAIN_SELF = YES;
				CLANG_WARN_OBJC_LITERAL_CONVERSION = YES;
				CLANG_WARN_OBJC_ROOT_CLASS = YES_ERROR;
				CLANG_WARN_QUOTED_INCLUDE_IN_FRAMEWORK_HEADER = YES;
				CLANG_WARN_RANGE_LOOP_ANALYSIS = YES;
				CLANG_WARN_STRICT_PROTOTYPES = YES;
				CLANG_WARN_SUSPICIOUS_MOVE = YES;
				CLANG_WARN_UNGUARDED_AVAILABILITY = YES_AGGRESSIVE;
				CLANG_WARN_UNREACHABLE_CODE = YES;
				CLANG_WARN__DUPLICATE_METHOD_MATCH = YES;
				COPY_PHASE_STRIP = NO;
				DEBUG_INFORMATION_FORMAT = dwarf;
				ENABLE_STRICT_OBJC_MSGSEND = YES;
				ENABLE_TESTABILITY = YES;
				GCC_C_LANGUAGE_STANDARD = gnu11;
				GCC_DYNAMIC_NO_PIC = NO;
				GCC_NO_COMMON_BLOCKS = YES;
				GCC_OPTIMIZATION_LEVEL = 0;
				GCC_PREPROCESSOR_DEFINITIONS = (
					"DEBUG=1",
					"$(inherited)",
				);
				GCC_WARN_64_TO_32_BIT_CONVERSION = YES;
				GCC_WARN_ABOUT_RETURN_TYPE = YES_ERROR;
				GCC_WARN_UNDECLARED_SELECTOR = YES;
				GCC_WARN_UNINITIALIZED_AUTOS = YES_AGGRESSIVE;
				GCC_WARN_UNUSED_FUNCTION = YES;
				GCC_WARN_UNUSED_VARIABLE = YES;
				IPHONEOS_DEPLOYMENT_TARGET = 15.2;
				MTL_ENABLE_DEBUG_INFO = INCLUDE_SOURCE;
				MTL_FAST_MATH = YES;
				ONLY_ACTIVE_ARCH = YES;
				SDKROOT = iphoneos;
				SWIFT_ACTIVE_COMPILATION_CONDITIONS = DEBUG;
				SWIFT_OPTIMIZATION_LEVEL = "-Onone";
			};
			name = Debug;
		};
		7D4CB1E627F67E7C00A03269 /* Release */ = {
			isa = XCBuildConfiguration;
			buildSettings = {
				ALWAYS_SEARCH_USER_PATHS = NO;
				CLANG_ANALYZER_NONNULL = YES;
				CLANG_ANALYZER_NUMBER_OBJECT_CONVERSION = YES_AGGRESSIVE;
				CLANG_CXX_LANGUAGE_STANDARD = "gnu++17";
				CLANG_CXX_LIBRARY = "libc++";
				CLANG_ENABLE_MODULES = YES;
				CLANG_ENABLE_OBJC_ARC = YES;
				CLANG_ENABLE_OBJC_WEAK = YES;
				CLANG_WARN_BLOCK_CAPTURE_AUTORELEASING = YES;
				CLANG_WARN_BOOL_CONVERSION = YES;
				CLANG_WARN_COMMA = YES;
				CLANG_WARN_CONSTANT_CONVERSION = YES;
				CLANG_WARN_DEPRECATED_OBJC_IMPLEMENTATIONS = YES;
				CLANG_WARN_DIRECT_OBJC_ISA_USAGE = YES_ERROR;
				CLANG_WARN_DOCUMENTATION_COMMENTS = YES;
				CLANG_WARN_EMPTY_BODY = YES;
				CLANG_WARN_ENUM_CONVERSION = YES;
				CLANG_WARN_INFINITE_RECURSION = YES;
				CLANG_WARN_INT_CONVERSION = YES;
				CLANG_WARN_NON_LITERAL_NULL_CONVERSION = YES;
				CLANG_WARN_OBJC_IMPLICIT_RETAIN_SELF = YES;
				CLANG_WARN_OBJC_LITERAL_CONVERSION = YES;
				CLANG_WARN_OBJC_ROOT_CLASS = YES_ERROR;
				CLANG_WARN_QUOTED_INCLUDE_IN_FRAMEWORK_HEADER = YES;
				CLANG_WARN_RANGE_LOOP_ANALYSIS = YES;
				CLANG_WARN_STRICT_PROTOTYPES = YES;
				CLANG_WARN_SUSPICIOUS_MOVE = YES;
				CLANG_WARN_UNGUARDED_AVAILABILITY = YES_AGGRESSIVE;
				CLANG_WARN_UNREACHABLE_CODE = YES;
				CLANG_WARN__DUPLICATE_METHOD_MATCH = YES;
				COPY_PHASE_STRIP = NO;
				DEBUG_INFORMATION_FORMAT = "dwarf-with-dsym";
				ENABLE_NS_ASSERTIONS = NO;
				ENABLE_STRICT_OBJC_MSGSEND = YES;
				GCC_C_LANGUAGE_STANDARD = gnu11;
				GCC_NO_COMMON_BLOCKS = YES;
				GCC_WARN_64_TO_32_BIT_CONVERSION = YES;
				GCC_WARN_ABOUT_RETURN_TYPE = YES_ERROR;
				GCC_WARN_UNDECLARED_SELECTOR = YES;
				GCC_WARN_UNINITIALIZED_AUTOS = YES_AGGRESSIVE;
				GCC_WARN_UNUSED_FUNCTION = YES;
				GCC_WARN_UNUSED_VARIABLE = YES;
				IPHONEOS_DEPLOYMENT_TARGET = 15.2;
				MTL_ENABLE_DEBUG_INFO = NO;
				MTL_FAST_MATH = YES;
				SDKROOT = iphoneos;
				SWIFT_COMPILATION_MODE = wholemodule;
				SWIFT_OPTIMIZATION_LEVEL = "-O";
				VALIDATE_PRODUCT = YES;
			};
			name = Release;
		};
		7D4CB1E827F67E7C00A03269 /* Debug */ = {
			isa = XCBuildConfiguration;
			buildSettings = {
				ASSETCATALOG_COMPILER_APPICON_NAME = AppIcon;
				ASSETCATALOG_COMPILER_GLOBAL_ACCENT_COLOR_NAME = AccentColor;
				CODE_SIGN_ENTITLEMENTS = functionArchive/functionArchive.entitlements;
				CODE_SIGN_STYLE = Automatic;
				CURRENT_PROJECT_VERSION = 1;
				DEVELOPMENT_ASSET_PATHS = "\"functionArchive/Preview Content\"";
				DEVELOPMENT_TEAM = MP5ZM46XG8;
				ENABLE_PREVIEWS = YES;
				GENERATE_INFOPLIST_FILE = YES;
				INFOPLIST_FILE = functionArchive/Info.plist;
				INFOPLIST_KEY_NSCameraUsageDescription = "";
				INFOPLIST_KEY_NSMicrophoneUsageDescription = "";
				INFOPLIST_KEY_UIApplicationSceneManifest_Generation = YES;
				INFOPLIST_KEY_UIApplicationSupportsIndirectInputEvents = YES;
				INFOPLIST_KEY_UILaunchScreen_Generation = YES;
				INFOPLIST_KEY_UISupportedInterfaceOrientations_iPad = "UIInterfaceOrientationPortrait UIInterfaceOrientationPortraitUpsideDown UIInterfaceOrientationLandscapeLeft UIInterfaceOrientationLandscapeRight";
				INFOPLIST_KEY_UISupportedInterfaceOrientations_iPhone = "UIInterfaceOrientationPortrait UIInterfaceOrientationLandscapeLeft UIInterfaceOrientationLandscapeRight";
				LD_RUNPATH_SEARCH_PATHS = (
					"$(inherited)",
					"@executable_path/Frameworks",
				);
				MARKETING_VERSION = 1.0;
				PRODUCT_BUNDLE_IDENTIFIER = yyeonjju.functionArchive;
				PRODUCT_NAME = "$(TARGET_NAME)";
				SWIFT_EMIT_LOC_STRINGS = YES;
				SWIFT_VERSION = 5.0;
				TARGETED_DEVICE_FAMILY = "1,2";
			};
			name = Debug;
		};
		7D4CB1E927F67E7C00A03269 /* Release */ = {
			isa = XCBuildConfiguration;
			buildSettings = {
				ASSETCATALOG_COMPILER_APPICON_NAME = AppIcon;
				ASSETCATALOG_COMPILER_GLOBAL_ACCENT_COLOR_NAME = AccentColor;
				CODE_SIGN_ENTITLEMENTS = functionArchive/functionArchive.entitlements;
				CODE_SIGN_STYLE = Automatic;
				CURRENT_PROJECT_VERSION = 1;
				DEVELOPMENT_ASSET_PATHS = "\"functionArchive/Preview Content\"";
				DEVELOPMENT_TEAM = MP5ZM46XG8;
				ENABLE_PREVIEWS = YES;
				GENERATE_INFOPLIST_FILE = YES;
				INFOPLIST_FILE = functionArchive/Info.plist;
				INFOPLIST_KEY_NSCameraUsageDescription = "";
				INFOPLIST_KEY_NSMicrophoneUsageDescription = "";
				INFOPLIST_KEY_UIApplicationSceneManifest_Generation = YES;
				INFOPLIST_KEY_UIApplicationSupportsIndirectInputEvents = YES;
				INFOPLIST_KEY_UILaunchScreen_Generation = YES;
				INFOPLIST_KEY_UISupportedInterfaceOrientations_iPad = "UIInterfaceOrientationPortrait UIInterfaceOrientationPortraitUpsideDown UIInterfaceOrientationLandscapeLeft UIInterfaceOrientationLandscapeRight";
				INFOPLIST_KEY_UISupportedInterfaceOrientations_iPhone = "UIInterfaceOrientationPortrait UIInterfaceOrientationLandscapeLeft UIInterfaceOrientationLandscapeRight";
				LD_RUNPATH_SEARCH_PATHS = (
					"$(inherited)",
					"@executable_path/Frameworks",
				);
				MARKETING_VERSION = 1.0;
				PRODUCT_BUNDLE_IDENTIFIER = yyeonjju.functionArchive;
				PRODUCT_NAME = "$(TARGET_NAME)";
				SWIFT_EMIT_LOC_STRINGS = YES;
				SWIFT_VERSION = 5.0;
				TARGETED_DEVICE_FAMILY = "1,2";
			};
			name = Release;
		};
/* End XCBuildConfiguration section */

/* Begin XCConfigurationList section */
		7D4CB1D427F67E7900A03269 /* Build configuration list for PBXProject "functionArchive" */ = {
			isa = XCConfigurationList;
			buildConfigurations = (
				7D4CB1E527F67E7C00A03269 /* Debug */,
				7D4CB1E627F67E7C00A03269 /* Release */,
			);
			defaultConfigurationIsVisible = 0;
			defaultConfigurationName = Release;
		};
		7D4CB1E727F67E7C00A03269 /* Build configuration list for PBXNativeTarget "functionArchive" */ = {
			isa = XCConfigurationList;
			buildConfigurations = (
				7D4CB1E827F67E7C00A03269 /* Debug */,
				7D4CB1E927F67E7C00A03269 /* Release */,
			);
			defaultConfigurationIsVisible = 0;
			defaultConfigurationName = Release;
		};
/* End XCConfigurationList section */

/* Begin XCRemoteSwiftPackageReference section */
		7D996A1C28B09D8F002962D3 /* XCRemoteSwiftPackageReference "sendbird-calls-ios" */ = {
			isa = XCRemoteSwiftPackageReference;
			repositoryURL = "https://github.com/sendbird/sendbird-calls-ios";
			requirement = {
				kind = upToNextMajorVersion;
				minimumVersion = 1.0.0;
			};
		};
/* End XCRemoteSwiftPackageReference section */

/* Begin XCSwiftPackageProductDependency section */
		7D996A1D28B09D8F002962D3 /* SendBirdCalls */ = {
			isa = XCSwiftPackageProductDependency;
			package = 7D996A1C28B09D8F002962D3 /* XCRemoteSwiftPackageReference "sendbird-calls-ios" */;
			productName = SendBirdCalls;
		};
/* End XCSwiftPackageProductDependency section */
	};
	rootObject = 7D4CB1D127F67E7900A03269 /* Project object */;
}
