// !$*UTF8*$!
{
	archiveVersion = 1;
	classes = {
	};
	objectVersion = 55;
	objects = {

/* Begin PBXBuildFile section */
		7D4CB1DD27F67E7A00A03269 /* functionArchiveApp.swift in Sources */ = {isa = PBXBuildFile; fileRef = 7D4CB1DC27F67E7A00A03269 /* functionArchiveApp.swift */; };
		7D4CB1DF27F67E7A00A03269 /* ContentView.swift in Sources */ = {isa = PBXBuildFile; fileRef = 7D4CB1DE27F67E7A00A03269 /* ContentView.swift */; };
		7D4CB1E127F67E7C00A03269 /* Assets.xcassets in Resources */ = {isa = PBXBuildFile; fileRef = 7D4CB1E027F67E7C00A03269 /* Assets.xcassets */; };
		7D4CB1E427F67E7C00A03269 /* Preview Assets.xcassets in Resources */ = {isa = PBXBuildFile; fileRef = 7D4CB1E327F67E7C00A03269 /* Preview Assets.xcassets */; };
		7D4CB1EC27F67F8900A03269 /* Landing.swift in Sources */ = {isa = PBXBuildFile; fileRef = 7D4CB1EB27F67F8900A03269 /* Landing.swift */; };
		7D4CB1F127F6851900A03269 /* selectResultView.swift in Sources */ = {isa = PBXBuildFile; fileRef = 7D4CB1F027F6851900A03269 /* selectResultView.swift */; };
		7D4CB1F327F68C2500A03269 /* FilterViewModel.swift in Sources */ = {isa = PBXBuildFile; fileRef = 7D4CB1F227F68C2500A03269 /* FilterViewModel.swift */; };
		7D6A0EC027F9C30800F3E87E /* DropdownSelectorView.swift in Sources */ = {isa = PBXBuildFile; fileRef = 7D6A0EBF27F9C30800F3E87E /* DropdownSelectorView.swift */; };
		7D6A0EC227F9DAAD00F3E87E /* DropdownView.swift in Sources */ = {isa = PBXBuildFile; fileRef = 7D6A0EC127F9DAAD00F3E87E /* DropdownView.swift */; };
		7D6A0EC427F9DF9E00F3E87E /* DropdownRowView.swift in Sources */ = {isa = PBXBuildFile; fileRef = 7D6A0EC327F9DF9E00F3E87E /* DropdownRowView.swift */; };
		7D6A0EC627F9E35700F3E87E /* DropdownSelectorViewModel.swift in Sources */ = {isa = PBXBuildFile; fileRef = 7D6A0EC527F9E35700F3E87E /* DropdownSelectorViewModel.swift */; };
		7D6A0EC827F9E55100F3E87E /* SelectorsView.swift in Sources */ = {isa = PBXBuildFile; fileRef = 7D6A0EC727F9E55100F3E87E /* SelectorsView.swift */; };
/* End PBXBuildFile section */

/* Begin PBXFileReference section */
		7D4CB1D927F67E7A00A03269 /* functionArchive.app */ = {isa = PBXFileReference; explicitFileType = wrapper.application; includeInIndex = 0; path = functionArchive.app; sourceTree = BUILT_PRODUCTS_DIR; };
		7D4CB1DC27F67E7A00A03269 /* functionArchiveApp.swift */ = {isa = PBXFileReference; lastKnownFileType = sourcecode.swift; path = functionArchiveApp.swift; sourceTree = "<group>"; };
		7D4CB1DE27F67E7A00A03269 /* ContentView.swift */ = {isa = PBXFileReference; lastKnownFileType = sourcecode.swift; path = ContentView.swift; sourceTree = "<group>"; };
		7D4CB1E027F67E7C00A03269 /* Assets.xcassets */ = {isa = PBXFileReference; lastKnownFileType = folder.assetcatalog; path = Assets.xcassets; sourceTree = "<group>"; };
		7D4CB1E327F67E7C00A03269 /* Preview Assets.xcassets */ = {isa = PBXFileReference; lastKnownFileType = folder.assetcatalog; path = "Preview Assets.xcassets"; sourceTree = "<group>"; };
		7D4CB1EB27F67F8900A03269 /* Landing.swift */ = {isa = PBXFileReference; lastKnownFileType = sourcecode.swift; path = Landing.swift; sourceTree = "<group>"; };
		7D4CB1F027F6851900A03269 /* selectResultView.swift */ = {isa = PBXFileReference; lastKnownFileType = sourcecode.swift; path = selectResultView.swift; sourceTree = "<group>"; };
		7D4CB1F227F68C2500A03269 /* FilterViewModel.swift */ = {isa = PBXFileReference; lastKnownFileType = sourcecode.swift; path = FilterViewModel.swift; sourceTree = "<group>"; };
		7D6A0EBF27F9C30800F3E87E /* DropdownSelectorView.swift */ = {isa = PBXFileReference; lastKnownFileType = sourcecode.swift; path = DropdownSelectorView.swift; sourceTree = "<group>"; };
		7D6A0EC127F9DAAD00F3E87E /* DropdownView.swift */ = {isa = PBXFileReference; lastKnownFileType = sourcecode.swift; path = DropdownView.swift; sourceTree = "<group>"; };
		7D6A0EC327F9DF9E00F3E87E /* DropdownRowView.swift */ = {isa = PBXFileReference; lastKnownFileType = sourcecode.swift; path = DropdownRowView.swift; sourceTree = "<group>"; };
		7D6A0EC527F9E35700F3E87E /* DropdownSelectorViewModel.swift */ = {isa = PBXFileReference; lastKnownFileType = sourcecode.swift; path = DropdownSelectorViewModel.swift; sourceTree = "<group>"; };
		7D6A0EC727F9E55100F3E87E /* SelectorsView.swift */ = {isa = PBXFileReference; lastKnownFileType = sourcecode.swift; path = SelectorsView.swift; sourceTree = "<group>"; };
/* End PBXFileReference section */

/* Begin PBXFrameworksBuildPhase section */
		7D4CB1D627F67E7A00A03269 /* Frameworks */ = {
			isa = PBXFrameworksBuildPhase;
			buildActionMask = 2147483647;
			files = (
			);
			runOnlyForDeploymentPostprocessing = 0;
		};
/* End PBXFrameworksBuildPhase section */

/* Begin PBXGroup section */
		7D4CB1D027F67E7900A03269 = {
			isa = PBXGroup;
			children = (
				7D4CB1DB27F67E7A00A03269 /* functionArchive */,
				7D4CB1DA27F67E7A00A03269 /* Products */,
			);
			sourceTree = "<group>";
		};
		7D4CB1DA27F67E7A00A03269 /* Products */ = {
			isa = PBXGroup;
			children = (
				7D4CB1D927F67E7A00A03269 /* functionArchive.app */,
			);
			name = Products;
			sourceTree = "<group>";
		};
		7D4CB1DB27F67E7A00A03269 /* functionArchive */ = {
			isa = PBXGroup;
			children = (
				7D4CB1EA27F67ED100A03269 /* Presentation */,
				7D4CB1DC27F67E7A00A03269 /* functionArchiveApp.swift */,
				7D4CB1DE27F67E7A00A03269 /* ContentView.swift */,
				7D4CB1EB27F67F8900A03269 /* Landing.swift */,
				7D4CB1E027F67E7C00A03269 /* Assets.xcassets */,
				7D4CB1E227F67E7C00A03269 /* Preview Content */,
			);
			path = functionArchive;
			sourceTree = "<group>";
		};
		7D4CB1E227F67E7C00A03269 /* Preview Content */ = {
			isa = PBXGroup;
			children = (
				7D4CB1E327F67E7C00A03269 /* Preview Assets.xcassets */,
			);
			path = "Preview Content";
			sourceTree = "<group>";
		};
		7D4CB1EA27F67ED100A03269 /* Presentation */ = {
			isa = PBXGroup;
			children = (
				7D6A0EBC27F9C27D00F3E87E /* ReusableDropDownSelector */,
				7D4CB1ED27F6838400A03269 /* MultiSelectionFilter */,
			);
			path = Presentation;
			sourceTree = "<group>";
		};
		7D4CB1ED27F6838400A03269 /* MultiSelectionFilter */ = {
			isa = PBXGroup;
			children = (
				7D4CB1EF27F683A700A03269 /* ViewModel */,
				7D4CB1EE27F683A100A03269 /* View */,
			);
			path = MultiSelectionFilter;
			sourceTree = "<group>";
		};
		7D4CB1EE27F683A100A03269 /* View */ = {
			isa = PBXGroup;
			children = (
				7D4CB1F027F6851900A03269 /* selectResultView.swift */,
			);
			path = View;
			sourceTree = "<group>";
		};
		7D4CB1EF27F683A700A03269 /* ViewModel */ = {
			isa = PBXGroup;
			children = (
				7D4CB1F227F68C2500A03269 /* FilterViewModel.swift */,
			);
			path = ViewModel;
			sourceTree = "<group>";
		};
		7D6A0EBC27F9C27D00F3E87E /* ReusableDropDownSelector */ = {
			isa = PBXGroup;
			children = (
				7D6A0EBE27F9C2E500F3E87E /* ViewModel */,
				7D6A0EBD27F9C2DE00F3E87E /* View */,
			);
			path = ReusableDropDownSelector;
			sourceTree = "<group>";
		};
		7D6A0EBD27F9C2DE00F3E87E /* View */ = {
			isa = PBXGroup;
			children = (
				7D6A0EC727F9E55100F3E87E /* SelectorsView.swift */,
				7D6A0EBF27F9C30800F3E87E /* DropdownSelectorView.swift */,
				7D6A0EC127F9DAAD00F3E87E /* DropdownView.swift */,
				7D6A0EC327F9DF9E00F3E87E /* DropdownRowView.swift */,
			);
			path = View;
			sourceTree = "<group>";
		};
		7D6A0EBE27F9C2E500F3E87E /* ViewModel */ = {
			isa = PBXGroup;
			children = (
				7D6A0EC527F9E35700F3E87E /* DropdownSelectorViewModel.swift */,
			);
			path = ViewModel;
			sourceTree = "<group>";
		};
/* End PBXGroup section */

/* Begin PBXNativeTarget section */
		7D4CB1D827F67E7A00A03269 /* functionArchive */ = {
			isa = PBXNativeTarget;
			buildConfigurationList = 7D4CB1E727F67E7C00A03269 /* Build configuration list for PBXNativeTarget "functionArchive" */;
			buildPhases = (
				7D4CB1D527F67E7A00A03269 /* Sources */,
				7D4CB1D627F67E7A00A03269 /* Frameworks */,
				7D4CB1D727F67E7A00A03269 /* Resources */,
			);
			buildRules = (
			);
			dependencies = (
			);
			name = functionArchive;
			productName = functionArchive;
			productReference = 7D4CB1D927F67E7A00A03269 /* functionArchive.app */;
			productType = "com.apple.product-type.application";
		};
/* End PBXNativeTarget section */

/* Begin PBXProject section */
		7D4CB1D127F67E7900A03269 /* Project object */ = {
			isa = PBXProject;
			attributes = {
				BuildIndependentTargetsInParallel = 1;
				LastSwiftUpdateCheck = 1320;
				LastUpgradeCheck = 1320;
				TargetAttributes = {
					7D4CB1D827F67E7A00A03269 = {
						CreatedOnToolsVersion = 13.2.1;
					};
				};
			};
			buildConfigurationList = 7D4CB1D427F67E7900A03269 /* Build configuration list for PBXProject "functionArchive" */;
			compatibilityVersion = "Xcode 13.0";
			developmentRegion = en;
			hasScannedForEncodings = 0;
			knownRegions = (
				en,
				Base,
			);
			mainGroup = 7D4CB1D027F67E7900A03269;
			productRefGroup = 7D4CB1DA27F67E7A00A03269 /* Products */;
			projectDirPath = "";
			projectRoot = "";
			targets = (
				7D4CB1D827F67E7A00A03269 /* functionArchive */,
			);
		};
/* End PBXProject section */

/* Begin PBXResourcesBuildPhase section */
		7D4CB1D727F67E7A00A03269 /* Resources */ = {
			isa = PBXResourcesBuildPhase;
			buildActionMask = 2147483647;
			files = (
				7D4CB1E427F67E7C00A03269 /* Preview Assets.xcassets in Resources */,
				7D4CB1E127F67E7C00A03269 /* Assets.xcassets in Resources */,
			);
			runOnlyForDeploymentPostprocessing = 0;
		};
/* End PBXResourcesBuildPhase section */

/* Begin PBXSourcesBuildPhase section */
		7D4CB1D527F67E7A00A03269 /* Sources */ = {
			isa = PBXSourcesBuildPhase;
			buildActionMask = 2147483647;
			files = (
				7D6A0EC427F9DF9E00F3E87E /* DropdownRowView.swift in Sources */,
				7D4CB1EC27F67F8900A03269 /* Landing.swift in Sources */,
				7D4CB1DF27F67E7A00A03269 /* ContentView.swift in Sources */,
				7D6A0EC827F9E55100F3E87E /* SelectorsView.swift in Sources */,
				7D6A0EC027F9C30800F3E87E /* DropdownSelectorView.swift in Sources */,
				7D4CB1F327F68C2500A03269 /* FilterViewModel.swift in Sources */,
				7D6A0EC627F9E35700F3E87E /* DropdownSelectorViewModel.swift in Sources */,
				7D4CB1DD27F67E7A00A03269 /* functionArchiveApp.swift in Sources */,
				7D6A0EC227F9DAAD00F3E87E /* DropdownView.swift in Sources */,
				7D4CB1F127F6851900A03269 /* selectResultView.swift in Sources */,
			);
			runOnlyForDeploymentPostprocessing = 0;
		};
/* End PBXSourcesBuildPhase section */

/* Begin XCBuildConfiguration section */
		7D4CB1E527F67E7C00A03269 /* Debug */ = {
			isa = XCBuildConfiguration;
			buildSettings = {
				ALWAYS_SEARCH_USER_PATHS = NO;
				CLANG_ANALYZER_NONNULL = YES;
				CLANG_ANALYZER_NUMBER_OBJECT_CONVERSION = YES_AGGRESSIVE;
				CLANG_CXX_LANGUAGE_STANDARD = "gnu++17";
				CLANG_CXX_LIBRARY = "libc++";
				CLANG_ENABLE_MODULES = YES;
				CLANG_ENABLE_OBJC_ARC = YES;
				CLANG_ENABLE_OBJC_WEAK = YES;
				CLANG_WARN_BLOCK_CAPTURE_AUTORELEASING = YES;
				CLANG_WARN_BOOL_CONVERSION = YES;
				CLANG_WARN_COMMA = YES;
				CLANG_WARN_CONSTANT_CONVERSION = YES;
				CLANG_WARN_DEPRECATED_OBJC_IMPLEMENTATIONS = YES;
				CLANG_WARN_DIRECT_OBJC_ISA_USAGE = YES_ERROR;
				CLANG_WARN_DOCUMENTATION_COMMENTS = YES;
				CLANG_WARN_EMPTY_BODY = YES;
				CLANG_WARN_ENUM_CONVERSION = YES;
				CLANG_WARN_INFINITE_RECURSION = YES;
				CLANG_WARN_INT_CONVERSION = YES;
				CLANG_WARN_NON_LITERAL_NULL_CONVERSION = YES;
				CLANG_WARN_OBJC_IMPLICIT_RETAIN_SELF = YES;
				CLANG_WARN_OBJC_LITERAL_CONVERSION = YES;
				CLANG_WARN_OBJC_ROOT_CLASS = YES_ERROR;
				CLANG_WARN_QUOTED_INCLUDE_IN_FRAMEWORK_HEADER = YES;
				CLANG_WARN_RANGE_LOOP_ANALYSIS = YES;
				CLANG_WARN_STRICT_PROTOTYPES = YES;
				CLANG_WARN_SUSPICIOUS_MOVE = YES;
				CLANG_WARN_UNGUARDED_AVAILABILITY = YES_AGGRESSIVE;
				CLANG_WARN_UNREACHABLE_CODE = YES;
				CLANG_WARN__DUPLICATE_METHOD_MATCH = YES;
				COPY_PHASE_STRIP = NO;
				DEBUG_INFORMATION_FORMAT = dwarf;
				ENABLE_STRICT_OBJC_MSGSEND = YES;
				ENABLE_TESTABILITY = YES;
				GCC_C_LANGUAGE_STANDARD = gnu11;
				GCC_DYNAMIC_NO_PIC = NO;
				GCC_NO_COMMON_BLOCKS = YES;
				GCC_OPTIMIZATION_LEVEL = 0;
				GCC_PREPROCESSOR_DEFINITIONS = (
					"DEBUG=1",
					"$(inherited)",
				);
				GCC_WARN_64_TO_32_BIT_CONVERSION = YES;
				GCC_WARN_ABOUT_RETURN_TYPE = YES_ERROR;
				GCC_WARN_UNDECLARED_SELECTOR = YES;
				GCC_WARN_UNINITIALIZED_AUTOS = YES_AGGRESSIVE;
				GCC_WARN_UNUSED_FUNCTION = YES;
				GCC_WARN_UNUSED_VARIABLE = YES;
				IPHONEOS_DEPLOYMENT_TARGET = 15.2;
				MTL_ENABLE_DEBUG_INFO = INCLUDE_SOURCE;
				MTL_FAST_MATH = YES;
				ONLY_ACTIVE_ARCH = YES;
				SDKROOT = iphoneos;
				SWIFT_ACTIVE_COMPILATION_CONDITIONS = DEBUG;
				SWIFT_OPTIMIZATION_LEVEL = "-Onone";
			};
			name = Debug;
		};
		7D4CB1E627F67E7C00A03269 /* Release */ = {
			isa = XCBuildConfiguration;
			buildSettings = {
				ALWAYS_SEARCH_USER_PATHS = NO;
				CLANG_ANALYZER_NONNULL = YES;
				CLANG_ANALYZER_NUMBER_OBJECT_CONVERSION = YES_AGGRESSIVE;
				CLANG_CXX_LANGUAGE_STANDARD = "gnu++17";
				CLANG_CXX_LIBRARY = "libc++";
				CLANG_ENABLE_MODULES = YES;
				CLANG_ENABLE_OBJC_ARC = YES;
				CLANG_ENABLE_OBJC_WEAK = YES;
				CLANG_WARN_BLOCK_CAPTURE_AUTORELEASING = YES;
				CLANG_WARN_BOOL_CONVERSION = YES;
				CLANG_WARN_COMMA = YES;
				CLANG_WARN_CONSTANT_CONVERSION = YES;
				CLANG_WARN_DEPRECATED_OBJC_IMPLEMENTATIONS = YES;
				CLANG_WARN_DIRECT_OBJC_ISA_USAGE = YES_ERROR;
				CLANG_WARN_DOCUMENTATION_COMMENTS = YES;
				CLANG_WARN_EMPTY_BODY = YES;
				CLANG_WARN_ENUM_CONVERSION = YES;
				CLANG_WARN_INFINITE_RECURSION = YES;
				CLANG_WARN_INT_CONVERSION = YES;
				CLANG_WARN_NON_LITERAL_NULL_CONVERSION = YES;
				CLANG_WARN_OBJC_IMPLICIT_RETAIN_SELF = YES;
				CLANG_WARN_OBJC_LITERAL_CONVERSION = YES;
				CLANG_WARN_OBJC_ROOT_CLASS = YES_ERROR;
				CLANG_WARN_QUOTED_INCLUDE_IN_FRAMEWORK_HEADER = YES;
				CLANG_WARN_RANGE_LOOP_ANALYSIS = YES;
				CLANG_WARN_STRICT_PROTOTYPES = YES;
				CLANG_WARN_SUSPICIOUS_MOVE = YES;
				CLANG_WARN_UNGUARDED_AVAILABILITY = YES_AGGRESSIVE;
				CLANG_WARN_UNREACHABLE_CODE = YES;
				CLANG_WARN__DUPLICATE_METHOD_MATCH = YES;
				COPY_PHASE_STRIP = NO;
				DEBUG_INFORMATION_FORMAT = "dwarf-with-dsym";
				ENABLE_NS_ASSERTIONS = NO;
				ENABLE_STRICT_OBJC_MSGSEND = YES;
				GCC_C_LANGUAGE_STANDARD = gnu11;
				GCC_NO_COMMON_BLOCKS = YES;
				GCC_WARN_64_TO_32_BIT_CONVERSION = YES;
				GCC_WARN_ABOUT_RETURN_TYPE = YES_ERROR;
				GCC_WARN_UNDECLARED_SELECTOR = YES;
				GCC_WARN_UNINITIALIZED_AUTOS = YES_AGGRESSIVE;
				GCC_WARN_UNUSED_FUNCTION = YES;
				GCC_WARN_UNUSED_VARIABLE = YES;
				IPHONEOS_DEPLOYMENT_TARGET = 15.2;
				MTL_ENABLE_DEBUG_INFO = NO;
				MTL_FAST_MATH = YES;
				SDKROOT = iphoneos;
				SWIFT_COMPILATION_MODE = wholemodule;
				SWIFT_OPTIMIZATION_LEVEL = "-O";
				VALIDATE_PRODUCT = YES;
			};
			name = Release;
		};
		7D4CB1E827F67E7C00A03269 /* Debug */ = {
			isa = XCBuildConfiguration;
			buildSettings = {
				ASSETCATALOG_COMPILER_APPICON_NAME = AppIcon;
				ASSETCATALOG_COMPILER_GLOBAL_ACCENT_COLOR_NAME = AccentColor;
				CODE_SIGN_STYLE = Automatic;
				CURRENT_PROJECT_VERSION = 1;
				DEVELOPMENT_ASSET_PATHS = "\"functionArchive/Preview Content\"";
				DEVELOPMENT_TEAM = 5B4DDA3JD6;
				ENABLE_PREVIEWS = YES;
				GENERATE_INFOPLIST_FILE = YES;
				INFOPLIST_KEY_UIApplicationSceneManifest_Generation = YES;
				INFOPLIST_KEY_UIApplicationSupportsIndirectInputEvents = YES;
				INFOPLIST_KEY_UILaunchScreen_Generation = YES;
				INFOPLIST_KEY_UISupportedInterfaceOrientations_iPad = "UIInterfaceOrientationPortrait UIInterfaceOrientationPortraitUpsideDown UIInterfaceOrientationLandscapeLeft UIInterfaceOrientationLandscapeRight";
				INFOPLIST_KEY_UISupportedInterfaceOrientations_iPhone = "UIInterfaceOrientationPortrait UIInterfaceOrientationLandscapeLeft UIInterfaceOrientationLandscapeRight";
				LD_RUNPATH_SEARCH_PATHS = (
					"$(inherited)",
					"@executable_path/Frameworks",
				);
				MARKETING_VERSION = 1.0;
				PRODUCT_BUNDLE_IDENTIFIER = yyeonjju.functionArchive;
				PRODUCT_NAME = "$(TARGET_NAME)";
				SWIFT_EMIT_LOC_STRINGS = YES;
				SWIFT_VERSION = 5.0;
				TARGETED_DEVICE_FAMILY = "1,2";
			};
			name = Debug;
		};
		7D4CB1E927F67E7C00A03269 /* Release */ = {
			isa = XCBuildConfiguration;
			buildSettings = {
				ASSETCATALOG_COMPILER_APPICON_NAME = AppIcon;
				ASSETCATALOG_COMPILER_GLOBAL_ACCENT_COLOR_NAME = AccentColor;
				CODE_SIGN_STYLE = Automatic;
				CURRENT_PROJECT_VERSION = 1;
				DEVELOPMENT_ASSET_PATHS = "\"functionArchive/Preview Content\"";
				DEVELOPMENT_TEAM = 5B4DDA3JD6;
				ENABLE_PREVIEWS = YES;
				GENERATE_INFOPLIST_FILE = YES;
				INFOPLIST_KEY_UIApplicationSceneManifest_Generation = YES;
				INFOPLIST_KEY_UIApplicationSupportsIndirectInputEvents = YES;
				INFOPLIST_KEY_UILaunchScreen_Generation = YES;
				INFOPLIST_KEY_UISupportedInterfaceOrientations_iPad = "UIInterfaceOrientationPortrait UIInterfaceOrientationPortraitUpsideDown UIInterfaceOrientationLandscapeLeft UIInterfaceOrientationLandscapeRight";
				INFOPLIST_KEY_UISupportedInterfaceOrientations_iPhone = "UIInterfaceOrientationPortrait UIInterfaceOrientationLandscapeLeft UIInterfaceOrientationLandscapeRight";
				LD_RUNPATH_SEARCH_PATHS = (
					"$(inherited)",
					"@executable_path/Frameworks",
				);
				MARKETING_VERSION = 1.0;
				PRODUCT_BUNDLE_IDENTIFIER = yyeonjju.functionArchive;
				PRODUCT_NAME = "$(TARGET_NAME)";
				SWIFT_EMIT_LOC_STRINGS = YES;
				SWIFT_VERSION = 5.0;
				TARGETED_DEVICE_FAMILY = "1,2";
			};
			name = Release;
		};
/* End XCBuildConfiguration section */

/* Begin XCConfigurationList section */
		7D4CB1D427F67E7900A03269 /* Build configuration list for PBXProject "functionArchive" */ = {
			isa = XCConfigurationList;
			buildConfigurations = (
				7D4CB1E527F67E7C00A03269 /* Debug */,
				7D4CB1E627F67E7C00A03269 /* Release */,
			);
			defaultConfigurationIsVisible = 0;
			defaultConfigurationName = Release;
		};
		7D4CB1E727F67E7C00A03269 /* Build configuration list for PBXNativeTarget "functionArchive" */ = {
			isa = XCConfigurationList;
			buildConfigurations = (
				7D4CB1E827F67E7C00A03269 /* Debug */,
				7D4CB1E927F67E7C00A03269 /* Release */,
			);
			defaultConfigurationIsVisible = 0;
			defaultConfigurationName = Release;
		};
/* End XCConfigurationList section */
	};
	rootObject = 7D4CB1D127F67E7900A03269 /* Project object */;
}
